{
  "name": "ngclassifieds",
  "version": "1.0.0",
  "lockfileVersion": 1,
  "requires": true,
  "dependencies": {
    "@uirouter/angularjs": {
      "version": "1.0.6",
      "resolved": "https://registry.npmjs.org/@uirouter/angularjs/-/angularjs-1.0.6.tgz",
      "integrity": "sha512-wpC7t+wv5wM+jRr2nd80q4CxXl/igMKHkgYO2DHTC/ZSW+dBWkKEn2+H6AGMBrpKiEOfkjCokA43fqog10tQkQ==",
      "requires": {
        "@uirouter/core": "5.0.6"
      },
      "dependencies": {
        "@uirouter/core": {
          "version": "5.0.6",
          "resolved": "https://registry.npmjs.org/@uirouter/core/-/core-5.0.6.tgz",
          "integrity": "sha512-JnnXn3mhSdUa4YwUJ0ZKpPZ6b4l1TBRKKqGAFN/xnbjj0upaYErP56n5Rc6XV+arQmjKEg8Y/Mn0yW3TefYYCw=="
        }
      }
    },
    "angular": {
      "version": "1.6.6",
      "resolved": "https://registry.npmjs.org/angular/-/angular-1.6.6.tgz",
      "integrity": "sha1-/Vo8+0N844LYVO4BEgeXl4Uny2Q="
    },
    "angular-animate": {
      "version": "1.6.6",
      "resolved": "https://registry.npmjs.org/angular-animate/-/angular-animate-1.6.6.tgz",
      "integrity": "sha1-aSVkexQaBA0kG/ElBA8aFQ/NinA="
    },
    "angular-aria": {
      "version": "1.6.6",
      "resolved": "https://registry.npmjs.org/angular-aria/-/angular-aria-1.6.6.tgz",
      "integrity": "sha1-WN10jglWS8hAn3Ob3lezX77ltqU="
    },
    "angular-material": {
      "version": "1.1.4",
      "resolved": "https://registry.npmjs.org/angular-material/-/angular-material-1.1.4.tgz",
      "integrity": "sha1-J941ZG9UzNMgCArwxwjhtDivh/Y="
    },
    "lodash": {
      "version": "4.17.4",
      "resolved": "https://registry.npmjs.org/lodash/-/lodash-4.17.4.tgz",
      "integrity": "sha1-eCA6TRwyiuHYbcpkYONptX9AVa4="
    },
    "mdi": {
      "version": "2.0.46",
      "resolved": "https://registry.npmjs.org/mdi/-/mdi-2.0.46.tgz",
      "integrity": "sha1-ZeB6fGIu2gbocc1qM2xg24OT4no="
    }
  }
}
